
Microsoft Visual Studio Solution File, Format Version 12.00
# Visual Studio Version 17
VisualStudioVersion = 17.9.34714.143
MinimumVisualStudioVersion = 10.0.40219.1
Project("{FAE04EC0-301F-11D3-BF4B-00C04F79EFBC}") = "apiGUI", "apiGUI\apiGUI.csproj", "{0F81EFE4-817E-46FF-9C12-E8BA0B217978}"
EndProject
Global
	GlobalSection(SolutionConfigurationPlatforms) = preSolution
		Debug|Any CPU = Debug|Any CPU
		Release|Any CPU = Release|Any CPU
	EndGlobalSection
	GlobalSection(ProjectConfigurationPlatforms) = postSolution
		{0F81EFE4-817E-46FF-9C12-E8BA0B217978}.Debug|Any CPU.ActiveCfg = Debug|Any CPU
		{0F81EFE4-817E-46FF-9C12-E8BA0B217978}.Debug|Any CPU.Build.0 = Debug|Any CPU
		{0F81EFE4-817E-46FF-9C12-E8BA0B217978}.Release|Any CPU.ActiveCfg = Release|Any CPU
		{0F81EFE4-817E-46FF-9C12-E8BA0B217978}.Release|Any CPU.Build.0 = Release|Any CPU
	EndGlobalSection
	GlobalSection(SolutionProperties) = preSolution
		HideSolutionNode = FALSE
	EndGlobalSection
	GlobalSection(ExtensibilityGlobals) = postSolution
		SolutionGuid = {6AF74C34-8B27-4CED-A57F-D9806864A849}
	EndGlobalSection
EndGlobal
